{
  "name": "ssc-sentinel",
  "lockfileVersion": 3,
  "requires": true,
  "packages": {
    "": {
      "dependencies": {
        "toad-scheduler": "^3.0.1"
      }
    },
    "node_modules/croner": {
      "version": "7.0.7",
      "resolved": "https://registry.npmjs.org/croner/-/croner-7.0.7.tgz",
      "integrity": "sha512-05wALDHKjt9zG1JbpziNnWPCwwv9fUKbNf6q0dWaDMJ/eDxW0394Q2R1VAzKvDgoEZBT9FhWSHHFIcgwLgXjcQ==",
      "engines": {
        "node": ">=6.0"
      }
    },
    "node_modules/toad-scheduler": {
      "version": "3.0.1",
      "resolved": "https://registry.npmjs.org/toad-scheduler/-/toad-scheduler-3.0.1.tgz",
      "integrity": "sha512-UunrUeXWHXNauNMP47OHKfFeJlHxt89f29fdwey+EQLnVGbGPcFk7ArTuTk7SCcrSeVDTlhr5ayFHal0Z1LhJg==",
      "dependencies": {
        "croner": "^7.0.5"
      }
    }
  }
}
